
Microsoft Visual Studio Solution File, Format Version 12.00
# Visual Studio Version 17
VisualStudioVersion = 17.8.34330.188
MinimumVisualStudioVersion = 10.0.40219.1
Project("{FAE04EC0-301F-11D3-BF4B-00C04F79EFBC}") = "WindowsFormsApp1", "WindowsFormsApp1\WindowsFormsApp1.csproj", "{8009B000-69D4-47B4-8FE2-1A8485C323EF}"
EndProject
Global
	GlobalSection(SolutionConfigurationPlatforms) = preSolution
		Debug|Any CPU = Debug|Any CPU
		Release|Any CPU = Release|Any CPU
	EndGlobalSection
	GlobalSection(ProjectConfigurationPlatforms) = postSolution
		{8009B000-69D4-47B4-8FE2-1A8485C323EF}.Debug|Any CPU.ActiveCfg = Debug|Any CPU
		{8009B000-69D4-47B4-8FE2-1A8485C323EF}.Debug|Any CPU.Build.0 = Debug|Any CPU
		{8009B000-69D4-47B4-8FE2-1A8485C323EF}.Release|Any CPU.ActiveCfg = Release|Any CPU
		{8009B000-69D4-47B4-8FE2-1A8485C323EF}.Release|Any CPU.Build.0 = Release|Any CPU
	EndGlobalSection
	GlobalSection(SolutionProperties) = preSolution
		HideSolutionNode = FALSE
	EndGlobalSection
	GlobalSection(ExtensibilityGlobals) = postSolution
		SolutionGuid = {4F7CB035-3C04-4DB7-B59A-64732689E4E0}
	EndGlobalSection
EndGlobal
